Microsoft Visual Studio Solution File, Format Version 12.00
# Visual Studio Version 16
VisualStudioVersion = 16.0.29728.190
MinimumVisualStudioVersion = 10.0.40219.1
Project("{FAE04EC0-301F-11D3-BF4B-00C04F79EFBC}") = "TimeLog.TransactionalApi.SDK", "TimeLog.TransactionalApi.SDK\TimeLog.TransactionalApi.SDK.csproj", "{A1D54CAF-4BCB-43FB-917C-4F392C76A0E4}"
EndProject
Project("{FAE04EC0-301F-11D3-BF4B-00C04F79EFBC}") = "TimeLog.Library", "TimeLog.Library\TimeLog.Library.csproj", "{0ABB99CF-54EC-4415-9675-25096E7FC01E}"
EndProject
Project("{FAE04EC0-301F-11D3-BF4B-00C04F79EFBC}") = "TimeLog.ReportingApi.Core.SDK", "TimeLog.ReportingApi.Core.SDK\TimeLog.ReportingApi.Core.SDK.csproj", "{53219388-6844-4E6C-B1C2-5FFC37CC61AD}"
EndProject
Project("{FAE04EC0-301F-11D3-BF4B-00C04F79EFBC}") = "TimeLog.Api.Core.Documentation", "TimeLog.Api.Core.Documentation\TimeLog.Api.Core.Documentation.csproj", "{74B60695-BE4A-4696-B5E4-1A6AFA249A7F}"
EndProject
Project("{2150E333-8FDC-42A3-9474-1A3956D46DE8}") = "Docker", "Docker", "{BF95C1DC-2943-450D-BFA8-97BEB0349D0D}"
ProjectSection(SolutionItems) = preProject
	build_docker_image.ps1 = build_docker_image.ps1
	Dockerfile = Dockerfile
	run_docker_image.ps1 = run_docker_image.ps1
EndProjectSection
EndProject
Global
	GlobalSection(SolutionConfigurationPlatforms) = preSolution
		Debug|Any CPU = Debug|Any CPU
		Release|Any CPU = Release|Any CPU
	EndGlobalSection
	GlobalSection(ProjectConfigurationPlatforms) = postSolution
		{A1D54CAF-4BCB-43FB-917C-4F392C76A0E4}.Debug|Any CPU.ActiveCfg = Debug|Any CPU
		{A1D54CAF-4BCB-43FB-917C-4F392C76A0E4}.Debug|Any CPU.Build.0 = Debug|Any CPU
		{A1D54CAF-4BCB-43FB-917C-4F392C76A0E4}.Release|Any CPU.ActiveCfg = Release|Any CPU
		{A1D54CAF-4BCB-43FB-917C-4F392C76A0E4}.Release|Any CPU.Build.0 = Release|Any CPU
		{0ABB99CF-54EC-4415-9675-25096E7FC01E}.Debug|Any CPU.ActiveCfg = Debug|Any CPU
		{0ABB99CF-54EC-4415-9675-25096E7FC01E}.Debug|Any CPU.Build.0 = Debug|Any CPU
		{0ABB99CF-54EC-4415-9675-25096E7FC01E}.Release|Any CPU.ActiveCfg = Release|Any CPU
		{0ABB99CF-54EC-4415-9675-25096E7FC01E}.Release|Any CPU.Build.0 = Release|Any CPU
		{53219388-6844-4E6C-B1C2-5FFC37CC61AD}.Debug|Any CPU.ActiveCfg = Debug|Any CPU
		{53219388-6844-4E6C-B1C2-5FFC37CC61AD}.Debug|Any CPU.Build.0 = Debug|Any CPU
		{53219388-6844-4E6C-B1C2-5FFC37CC61AD}.Release|Any CPU.ActiveCfg = Release|Any CPU
		{53219388-6844-4E6C-B1C2-5FFC37CC61AD}.Release|Any CPU.Build.0 = Release|Any CPU
		{74B60695-BE4A-4696-B5E4-1A6AFA249A7F}.Debug|Any CPU.ActiveCfg = Debug|Any CPU
		{74B60695-BE4A-4696-B5E4-1A6AFA249A7F}.Debug|Any CPU.Build.0 = Debug|Any CPU
		{74B60695-BE4A-4696-B5E4-1A6AFA249A7F}.Release|Any CPU.ActiveCfg = Release|Any CPU
		{74B60695-BE4A-4696-B5E4-1A6AFA249A7F}.Release|Any CPU.Build.0 = Release|Any CPU
	EndGlobalSection
	GlobalSection(SolutionProperties) = preSolution
		HideSolutionNode = FALSE
	EndGlobalSection
	GlobalSection(ExtensibilityGlobals) = postSolution
		SolutionGuid = {46BBCE92-D918-46C1-B298-44B484A89052}
	EndGlobalSection
EndGlobal
