
Microsoft Visual Studio Solution File, Format Version 12.00
# Visual Studio 2012
Project("{FAE04EC0-301F-11D3-BF4B-00C04F79EFBC}") = "TimeLog.TransactionalApi.SDK", "TimeLog.TransactionalApi.SDK\TimeLog.TransactionalApi.SDK.csproj", "{A1D54CAF-4BCB-43FB-917C-4F392C76A0E4}"
EndProject
Project("{FAE04EC0-301F-11D3-BF4B-00C04F79EFBC}") = "TimeLog.ApiConsoleApp", "TimeLog.ApiConsoleApp\TimeLog.ApiConsoleApp.csproj", "{07666C53-3FDF-400C-B337-FA7F9DE1EA49}"
EndProject
Project("{FAE04EC0-301F-11D3-BF4B-00C04F79EFBC}") = "TimeLog.ReportingApi.SDK", "TimeLog.ReportingApi.SDK\TimeLog.ReportingApi.SDK.csproj", "{BB65DA9A-999B-4EEB-B236-3CB45140C7B7}"
EndProject
Global
	GlobalSection(SolutionConfigurationPlatforms) = preSolution
		Debug|Any CPU = Debug|Any CPU
		Release|Any CPU = Release|Any CPU
	EndGlobalSection
	GlobalSection(ProjectConfigurationPlatforms) = postSolution
		{A1D54CAF-4BCB-43FB-917C-4F392C76A0E4}.Debug|Any CPU.ActiveCfg = Debug|Any CPU
		{A1D54CAF-4BCB-43FB-917C-4F392C76A0E4}.Debug|Any CPU.Build.0 = Debug|Any CPU
		{A1D54CAF-4BCB-43FB-917C-4F392C76A0E4}.Release|Any CPU.ActiveCfg = Release|Any CPU
		{A1D54CAF-4BCB-43FB-917C-4F392C76A0E4}.Release|Any CPU.Build.0 = Release|Any CPU
		{07666C53-3FDF-400C-B337-FA7F9DE1EA49}.Debug|Any CPU.ActiveCfg = Debug|Any CPU
		{07666C53-3FDF-400C-B337-FA7F9DE1EA49}.Debug|Any CPU.Build.0 = Debug|Any CPU
		{07666C53-3FDF-400C-B337-FA7F9DE1EA49}.Release|Any CPU.ActiveCfg = Release|Any CPU
		{07666C53-3FDF-400C-B337-FA7F9DE1EA49}.Release|Any CPU.Build.0 = Release|Any CPU
		{BB65DA9A-999B-4EEB-B236-3CB45140C7B7}.Debug|Any CPU.ActiveCfg = Debug|Any CPU
		{BB65DA9A-999B-4EEB-B236-3CB45140C7B7}.Debug|Any CPU.Build.0 = Debug|Any CPU
		{BB65DA9A-999B-4EEB-B236-3CB45140C7B7}.Release|Any CPU.ActiveCfg = Release|Any CPU
		{BB65DA9A-999B-4EEB-B236-3CB45140C7B7}.Release|Any CPU.Build.0 = Release|Any CPU
	EndGlobalSection
	GlobalSection(SolutionProperties) = preSolution
		HideSolutionNode = FALSE
	EndGlobalSection
EndGlobal
